
Microsoft Visual Studio Solution File, Format Version 12.00
# Visual Studio Version 17
VisualStudioVersion = 17.3.32901.215
MinimumVisualStudioVersion = 10.0.40219.1
Project("{FAE04EC0-301F-11D3-BF4B-00C04F79EFBC}") = "MoePomodoro", "MoePomodoro.csproj", "{08F3D39E-FE04-48BE-A44A-F1DE5B74C810}"
EndProject
Global
	GlobalSection(SolutionConfigurationPlatforms) = preSolution
		Debug|Any CPU = Debug|Any CPU
		Release|Any CPU = Release|Any CPU
	EndGlobalSection
	GlobalSection(ProjectConfigurationPlatforms) = postSolution
		{08F3D39E-FE04-48BE-A44A-F1DE5B74C810}.Debug|Any CPU.ActiveCfg = Debug|Any CPU
		{08F3D39E-FE04-48BE-A44A-F1DE5B74C810}.Debug|Any CPU.Build.0 = Debug|Any CPU
		{08F3D39E-FE04-48BE-A44A-F1DE5B74C810}.Release|Any CPU.ActiveCfg = Release|Any CPU
		{08F3D39E-FE04-48BE-A44A-F1DE5B74C810}.Release|Any CPU.Build.0 = Release|Any CPU
	EndGlobalSection
	GlobalSection(SolutionProperties) = preSolution
		HideSolutionNode = FALSE
	EndGlobalSection
	GlobalSection(ExtensibilityGlobals) = postSolution
		SolutionGuid = {17A828D0-FBC3-497F-B759-435F1923FDA5}
	EndGlobalSection
EndGlobal
